// !$*UTF8*$!
{
	archiveVersion = 1;
	classes = {
	};
	objectVersion = 56;
	objects = {

/* Begin PBXBuildFile section */
		E10001AA /* Elite360WhackfuckApp.swift in Sources */ = {isa = PBXBuildFile; fileRef = F10001AA /* Elite360WhackfuckApp.swift */; };
		E10002AA /* MainTabView.swift in Sources */ = {isa = PBXBuildFile; fileRef = F10002AA /* MainTabView.swift */; };
		E10003AA /* RootView.swift in Sources */ = {isa = PBXBuildFile; fileRef = F10003AA /* RootView.swift */; };
		E10004AA /* AICaddyModels.swift in Sources */ = {isa = PBXBuildFile; fileRef = F10004AA /* AICaddyModels.swift */; };
		E10005AA /* AnalyticsModels.swift in Sources */ = {isa = PBXBuildFile; fileRef = F10005AA /* AnalyticsModels.swift */; };
		E10006AA /* GameModels.swift in Sources */ = {isa = PBXBuildFile; fileRef = F10006AA /* GameModels.swift */; };
		E10007AA /* GolfCourse.swift in Sources */ = {isa = PBXBuildFile; fileRef = F10007AA /* GolfCourse.swift */; };
		E10008AA /* GolfRound.swift in Sources */ = {isa = PBXBuildFile; fileRef = F10008AA /* GolfRound.swift */; };
		E10009AA /* HandicapModels.swift in Sources */ = {isa = PBXBuildFile; fileRef = F10009AA /* HandicapModels.swift */; };
		E1000AAA /* MoneyModels.swift in Sources */ = {isa = PBXBuildFile; fileRef = F1000AAA /* MoneyModels.swift */; };
		E1000BAA /* UserProfile.swift in Sources */ = {isa = PBXBuildFile; fileRef = F1000BAA /* UserProfile.swift */; };
		E1000CAA /* AICaddyService.swift in Sources */ = {isa = PBXBuildFile; fileRef = F1000CAA /* AICaddyService.swift */; };
		E1000DAA /* AuthService.swift in Sources */ = {isa = PBXBuildFile; fileRef = F1000DAA /* AuthService.swift */; };
		E1000EAA /* FirestoreService.swift in Sources */ = {isa = PBXBuildFile; fileRef = F1000EAA /* FirestoreService.swift */; };
		E1000FAA /* GameEngine.swift in Sources */ = {isa = PBXBuildFile; fileRef = F1000FAA /* GameEngine.swift */; };
		E10010AA /* HandicapService.swift in Sources */ = {isa = PBXBuildFile; fileRef = F10010AA /* HandicapService.swift */; };
		E10011AA /* LocationService.swift in Sources */ = {isa = PBXBuildFile; fileRef = F10011AA /* LocationService.swift */; };
		E10012AA /* PremiumManager.swift in Sources */ = {isa = PBXBuildFile; fileRef = F10012AA /* PremiumManager.swift */; };
		E10013AA /* AnalyticsViewModel.swift in Sources */ = {isa = PBXBuildFile; fileRef = F10013AA /* AnalyticsViewModel.swift */; };
		E10014AA /* AuthViewModel.swift in Sources */ = {isa = PBXBuildFile; fileRef = F10014AA /* AuthViewModel.swift */; };
		E10015AA /* GamesLibraryViewModel.swift in Sources */ = {isa = PBXBuildFile; fileRef = F10015AA /* GamesLibraryViewModel.swift */; };
		E10016AA /* MoneyViewModel.swift in Sources */ = {isa = PBXBuildFile; fileRef = F10016AA /* MoneyViewModel.swift */; };
		E10017AA /* RoundViewModel.swift in Sources */ = {isa = PBXBuildFile; fileRef = F10017AA /* RoundViewModel.swift */; };
		E10018AA /* AICaddyView.swift in Sources */ = {isa = PBXBuildFile; fileRef = F10018AA /* AICaddyView.swift */; };
		E10019AA /* AnalyticsDashboardView.swift in Sources */ = {isa = PBXBuildFile; fileRef = F10019AA /* AnalyticsDashboardView.swift */; };
		E1001AAA /* LoginView.swift in Sources */ = {isa = PBXBuildFile; fileRef = F1001AAA /* LoginView.swift */; };
		E1001BAA /* DashboardView.swift in Sources */ = {isa = PBXBuildFile; fileRef = F1001BAA /* DashboardView.swift */; };
		E1001CAA /* GameTrackerView.swift in Sources */ = {isa = PBXBuildFile; fileRef = F1001CAA /* GameTrackerView.swift */; };
		E1001DAA /* GamesLibraryView.swift in Sources */ = {isa = PBXBuildFile; fileRef = F1001DAA /* GamesLibraryView.swift */; };
		E1001EAA /* PostRoundView.swift in Sources */ = {isa = PBXBuildFile; fileRef = F1001EAA /* PostRoundView.swift */; };
		E1001FAA /* PremiumView.swift in Sources */ = {isa = PBXBuildFile; fileRef = F1001FAA /* PremiumView.swift */; };
		E10020AA /* ProfileView.swift in Sources */ = {isa = PBXBuildFile; fileRef = F10020AA /* ProfileView.swift */; };
		E10021AA /* StartRoundView.swift in Sources */ = {isa = PBXBuildFile; fileRef = F10021AA /* StartRoundView.swift */; };
		E10022AA /* LiveScorecardView.swift in Sources */ = {isa = PBXBuildFile; fileRef = F10022AA /* LiveScorecardView.swift */; };
		E10023AA /* Color+Extensions.swift in Sources */ = {isa = PBXBuildFile; fileRef = F10023AA /* Color+Extensions.swift */; };
		E10024AA /* Date+Extensions.swift in Sources */ = {isa = PBXBuildFile; fileRef = F10024AA /* Date+Extensions.swift */; };
		E10025AA /* Assets.xcassets in Resources */ = {isa = PBXBuildFile; fileRef = F10025AA /* Assets.xcassets */; };
		E10030AA /* FirebaseAuth in Frameworks */ = {isa = PBXBuildFile; productRef = D10030AA /* FirebaseAuth */; };
		E10031AA /* FirebaseFirestore in Frameworks */ = {isa = PBXBuildFile; productRef = D10031AA /* FirebaseFirestore */; };
		E10032AA /* FirebaseStorage in Frameworks */ = {isa = PBXBuildFile; productRef = D10032AA /* FirebaseStorage */; };
		E10033AA /* FirebaseFunctions in Frameworks */ = {isa = PBXBuildFile; productRef = D10033AA /* FirebaseFunctions */; };
		E10034AA /* FirebaseAnalytics in Frameworks */ = {isa = PBXBuildFile; productRef = D10034AA /* FirebaseAnalytics */; };
		E10035AA /* RevenueCat in Frameworks */ = {isa = PBXBuildFile; productRef = D10035AA /* RevenueCat */; };
		E10036AA /* GoogleGenerativeAI in Frameworks */ = {isa = PBXBuildFile; productRef = D10036AA /* GoogleGenerativeAI */; };
		E100S1AA /* SecretsManager.swift in Sources */ = {isa = PBXBuildFile; fileRef = F100S1AA /* SecretsManager.swift */; };
		E100S2AA /* Secrets.plist in Resources */ = {isa = PBXBuildFile; fileRef = F100S2AA /* Secrets.plist */; };
		F3539E882F719E780077CC5C /* GoogleService-Info.plist in Resources */ = {isa = PBXBuildFile; fileRef = F3539E872F719E780077CC5C /* GoogleService-Info.plist */; };
/* End PBXBuildFile section */

/* Begin PBXFileReference section */
		A1000000 /* Elite360Whackfuck.app */ = {isa = PBXFileReference; explicitFileType = wrapper.application; includeInIndex = 0; path = Elite360Whackfuck.app; sourceTree = BUILT_PRODUCTS_DIR; };
		F10001AA /* Elite360WhackfuckApp.swift */ = {isa = PBXFileReference; lastKnownFileType = sourcecode.swift; path = Elite360WhackfuckApp.swift; sourceTree = "<group>"; };
		F10002AA /* MainTabView.swift */ = {isa = PBXFileReference; lastKnownFileType = sourcecode.swift; path = MainTabView.swift; sourceTree = "<group>"; };
		F10003AA /* RootView.swift */ = {isa = PBXFileReference; lastKnownFileType = sourcecode.swift; path = RootView.swift; sourceTree = "<group>"; };
		F10004AA /* AICaddyModels.swift */ = {isa = PBXFileReference; lastKnownFileType = sourcecode.swift; path = AICaddyModels.swift; sourceTree = "<group>"; };
		F10005AA /* AnalyticsModels.swift */ = {isa = PBXFileReference; lastKnownFileType = sourcecode.swift; path = AnalyticsModels.swift; sourceTree = "<group>"; };
		F10006AA /* GameModels.swift */ = {isa = PBXFileReference; lastKnownFileType = sourcecode.swift; path = GameModels.swift; sourceTree = "<group>"; };
		F10007AA /* GolfCourse.swift */ = {isa = PBXFileReference; lastKnownFileType = sourcecode.swift; path = GolfCourse.swift; sourceTree = "<group>"; };
		F10008AA /* GolfRound.swift */ = {isa = PBXFileReference; lastKnownFileType = sourcecode.swift; path = GolfRound.swift; sourceTree = "<group>"; };
		F10009AA /* HandicapModels.swift */ = {isa = PBXFileReference; lastKnownFileType = sourcecode.swift; path = HandicapModels.swift; sourceTree = "<group>"; };
		F1000AAA /* MoneyModels.swift */ = {isa = PBXFileReference; lastKnownFileType = sourcecode.swift; path = MoneyModels.swift; sourceTree = "<group>"; };
		F1000BAA /* UserProfile.swift */ = {isa = PBXFileReference; lastKnownFileType = sourcecode.swift; path = UserProfile.swift; sourceTree = "<group>"; };
		F1000CAA /* AICaddyService.swift */ = {isa = PBXFileReference; lastKnownFileType = sourcecode.swift; path = AICaddyService.swift; sourceTree = "<group>"; };
		F1000DAA /* AuthService.swift */ = {isa = PBXFileReference; lastKnownFileType = sourcecode.swift; path = AuthService.swift; sourceTree = "<group>"; };
		F1000EAA /* FirestoreService.swift */ = {isa = PBXFileReference; lastKnownFileType = sourcecode.swift; path = FirestoreService.swift; sourceTree = "<group>"; };
		F1000FAA /* GameEngine.swift */ = {isa = PBXFileReference; lastKnownFileType = sourcecode.swift; path = GameEngine.swift; sourceTree = "<group>"; };
		F10010AA /* HandicapService.swift */ = {isa = PBXFileReference; lastKnownFileType = sourcecode.swift; path = HandicapService.swift; sourceTree = "<group>"; };
		F10011AA /* LocationService.swift */ = {isa = PBXFileReference; lastKnownFileType = sourcecode.swift; path = LocationService.swift; sourceTree = "<group>"; };
		F10012AA /* PremiumManager.swift */ = {isa = PBXFileReference; lastKnownFileType = sourcecode.swift; path = PremiumManager.swift; sourceTree = "<group>"; };
		F10013AA /* AnalyticsViewModel.swift */ = {isa = PBXFileReference; lastKnownFileType = sourcecode.swift; path = AnalyticsViewModel.swift; sourceTree = "<group>"; };
		F10014AA /* AuthViewModel.swift */ = {isa = PBXFileReference; lastKnownFileType = sourcecode.swift; path = AuthViewModel.swift; sourceTree = "<group>"; };
		F10015AA /* GamesLibraryViewModel.swift */ = {isa = PBXFileReference; lastKnownFileType = sourcecode.swift; path = GamesLibraryViewModel.swift; sourceTree = "<group>"; };
		F10016AA /* MoneyViewModel.swift */ = {isa = PBXFileReference; lastKnownFileType = sourcecode.swift; path = MoneyViewModel.swift; sourceTree = "<group>"; };
		F10017AA /* RoundViewModel.swift */ = {isa = PBXFileReference; lastKnownFileType = sourcecode.swift; path = RoundViewModel.swift; sourceTree = "<group>"; };
		F10018AA /* AICaddyView.swift */ = {isa = PBXFileReference; lastKnownFileType = sourcecode.swift; path = AICaddyView.swift; sourceTree = "<group>"; };
		F10019AA /* AnalyticsDashboardView.swift */ = {isa = PBXFileReference; lastKnownFileType = sourcecode.swift; path = AnalyticsDashboardView.swift; sourceTree = "<group>"; };
		F1001AAA /* LoginView.swift */ = {isa = PBXFileReference; lastKnownFileType = sourcecode.swift; path = LoginView.swift; sourceTree = "<group>"; };
		F1001BAA /* DashboardView.swift */ = {isa = PBXFileReference; lastKnownFileType = sourcecode.swift; path = DashboardView.swift; sourceTree = "<group>"; };
		F1001CAA /* GameTrackerView.swift */ = {isa = PBXFileReference; lastKnownFileType = sourcecode.swift; path = GameTrackerView.swift; sourceTree = "<group>"; };
		F1001DAA /* GamesLibraryView.swift */ = {isa = PBXFileReference; lastKnownFileType = sourcecode.swift; path = GamesLibraryView.swift; sourceTree = "<group>"; };
		F1001EAA /* PostRoundView.swift */ = {isa = PBXFileReference; lastKnownFileType = sourcecode.swift; path = PostRoundView.swift; sourceTree = "<group>"; };
		F1001FAA /* PremiumView.swift */ = {isa = PBXFileReference; lastKnownFileType = sourcecode.swift; path = PremiumView.swift; sourceTree = "<group>"; };
		F10020AA /* ProfileView.swift */ = {isa = PBXFileReference; lastKnownFileType = sourcecode.swift; path = ProfileView.swift; sourceTree = "<group>"; };
		F10021AA /* StartRoundView.swift */ = {isa = PBXFileReference; lastKnownFileType = sourcecode.swift; path = StartRoundView.swift; sourceTree = "<group>"; };
		F10022AA /* LiveScorecardView.swift */ = {isa = PBXFileReference; lastKnownFileType = sourcecode.swift; path = LiveScorecardView.swift; sourceTree = "<group>"; };
		F10023AA /* Color+Extensions.swift */ = {isa = PBXFileReference; lastKnownFileType = sourcecode.swift; path = "Color+Extensions.swift"; sourceTree = "<group>"; };
		F10024AA /* Date+Extensions.swift */ = {isa = PBXFileReference; lastKnownFileType = sourcecode.swift; path = "Date+Extensions.swift"; sourceTree = "<group>"; };
		F10025AA /* Assets.xcassets */ = {isa = PBXFileReference; lastKnownFileType = folder.assetcatalog; path = Assets.xcassets; sourceTree = "<group>"; };
		F100S1AA /* SecretsManager.swift */ = {isa = PBXFileReference; lastKnownFileType = sourcecode.swift; path = SecretsManager.swift; sourceTree = "<group>"; };
		F100S2AA /* Secrets.plist */ = {isa = PBXFileReference; lastKnownFileType = text.plist.xml; path = Secrets.plist; sourceTree = "<group>"; };
		F3539E872F719E780077CC5C /* GoogleService-Info.plist */ = {isa = PBXFileReference; lastKnownFileType = text.plist.xml; path = "GoogleService-Info.plist"; sourceTree = "<group>"; };
/* End PBXFileReference section */

/* Begin PBXFrameworksBuildPhase section */
		B1000002 /* Frameworks */ = {
			isa = PBXFrameworksBuildPhase;
			buildActionMask = 2147483647;
			files = (
				E10030AA /* FirebaseAuth in Frameworks */,
				E10031AA /* FirebaseFirestore in Frameworks */,
				E10032AA /* FirebaseStorage in Frameworks */,
				E10033AA /* FirebaseFunctions in Frameworks */,
				E10034AA /* FirebaseAnalytics in Frameworks */,
				E10035AA /* RevenueCat in Frameworks */,
				E10036AA /* GoogleGenerativeAI in Frameworks */,
			);
			runOnlyForDeploymentPostprocessing = 0;
		};
/* End PBXFrameworksBuildPhase section */

/* Begin PBXGroup section */
		G1000000 = {
			isa = PBXGroup;
			children = (
				F3539E872F719E780077CC5C /* GoogleService-Info.plist */,
				G1000001 /* Elite360Whackfuck */,
				G100PROD /* Products */,
				G100FWRK /* Frameworks */,
			);
			sourceTree = "<group>";
		};
		G1000001 /* Elite360Whackfuck */ = {
			isa = PBXGroup;
			children = (
				G1000010 /* App */,
				G1000020 /* Models */,
				G1000030 /* Views */,
				G1000040 /* ViewModels */,
				G1000050 /* Services */,
				G1000060 /* Extensions */,
				G1000070 /* Resources */,
				F10025AA /* Assets.xcassets */,
			);
			path = Elite360Whackfuck;
			sourceTree = "<group>";
		};
		G1000010 /* App */ = {
			isa = PBXGroup;
			children = (
				F10001AA /* Elite360WhackfuckApp.swift */,
				F10002AA /* MainTabView.swift */,
				F10003AA /* RootView.swift */,
			);
			path = App;
			sourceTree = "<group>";
		};
		G1000020 /* Models */ = {
			isa = PBXGroup;
			children = (
				F10004AA /* AICaddyModels.swift */,
				F10005AA /* AnalyticsModels.swift */,
				F10006AA /* GameModels.swift */,
				F10007AA /* GolfCourse.swift */,
				F10008AA /* GolfRound.swift */,
				F10009AA /* HandicapModels.swift */,
				F1000AAA /* MoneyModels.swift */,
				F1000BAA /* UserProfile.swift */,
			);
			path = Models;
			sourceTree = "<group>";
		};
		G1000030 /* Views */ = {
			isa = PBXGroup;
			children = (
				G1000031 /* AICaddy */,
				G1000032 /* Analytics */,
				G1000033 /* Auth */,
				G1000034 /* Dashboard */,
				G1000035 /* Games */,
				G1000036 /* Money */,
				G1000037 /* Premium */,
				G1000038 /* Profile */,
				G1000039 /* Round */,
				G100003A /* Scoring */,
			);
			path = Views;
			sourceTree = "<group>";
		};
		G1000031 /* AICaddy */ = {
			isa = PBXGroup;
			children = (
				F10018AA /* AICaddyView.swift */,
			);
			path = AICaddy;
			sourceTree = "<group>";
		};
		G1000032 /* Analytics */ = {
			isa = PBXGroup;
			children = (
				F10019AA /* AnalyticsDashboardView.swift */,
			);
			path = Analytics;
			sourceTree = "<group>";
		};
		G1000033 /* Auth */ = {
			isa = PBXGroup;
			children = (
				F1001AAA /* LoginView.swift */,
			);
			path = Auth;
			sourceTree = "<group>";
		};
		G1000034 /* Dashboard */ = {
			isa = PBXGroup;
			children = (
				F1001BAA /* DashboardView.swift */,
			);
			path = Dashboard;
			sourceTree = "<group>";
		};
		G1000035 /* Games */ = {
			isa = PBXGroup;
			children = (
				F1001CAA /* GameTrackerView.swift */,
				F1001DAA /* GamesLibraryView.swift */,
			);
			path = Games;
			sourceTree = "<group>";
		};
		G1000036 /* Money */ = {
			isa = PBXGroup;
			children = (
				F1001EAA /* PostRoundView.swift */,
			);
			path = Money;
			sourceTree = "<group>";
		};
		G1000037 /* Premium */ = {
			isa = PBXGroup;
			children = (
				F1001FAA /* PremiumView.swift */,
			);
			path = Premium;
			sourceTree = "<group>";
		};
		G1000038 /* Profile */ = {
			isa = PBXGroup;
			children = (
				F10020AA /* ProfileView.swift */,
			);
			path = Profile;
			sourceTree = "<group>";
		};
		G1000039 /* Round */ = {
			isa = PBXGroup;
			children = (
				F10021AA /* StartRoundView.swift */,
			);
			path = Round;
			sourceTree = "<group>";
		};
		G100003A /* Scoring */ = {
			isa = PBXGroup;
			children = (
				F10022AA /* LiveScorecardView.swift */,
			);
			path = Scoring;
			sourceTree = "<group>";
		};
		G1000040 /* ViewModels */ = {
			isa = PBXGroup;
			children = (
				F10013AA /* AnalyticsViewModel.swift */,
				F10014AA /* AuthViewModel.swift */,
				F10015AA /* GamesLibraryViewModel.swift */,
				F10016AA /* MoneyViewModel.swift */,
				F10017AA /* RoundViewModel.swift */,
			);
			path = ViewModels;
			sourceTree = "<group>";
		};
		G1000050 /* Services */ = {
			isa = PBXGroup;
			children = (
				F1000CAA /* AICaddyService.swift */,
				F1000DAA /* AuthService.swift */,
				F1000EAA /* FirestoreService.swift */,
				F1000FAA /* GameEngine.swift */,
				F10010AA /* HandicapService.swift */,
				F10011AA /* LocationService.swift */,
				F10012AA /* PremiumManager.swift */,
				F100S1AA /* SecretsManager.swift */,
			);
			path = Services;
			sourceTree = "<group>";
		};
		G1000060 /* Extensions */ = {
			isa = PBXGroup;
			children = (
				F10023AA /* Color+Extensions.swift */,
				F10024AA /* Date+Extensions.swift */,
			);
			path = Extensions;
			sourceTree = "<group>";
		};
		G1000070 /* Resources */ = {
			isa = PBXGroup;
			children = (
				F100S2AA /* Secrets.plist */,
			);
			path = Resources;
			sourceTree = "<group>";
		};
		G100FWRK /* Frameworks */ = {
			isa = PBXGroup;
			children = (
			);
			name = Frameworks;
			sourceTree = "<group>";
		};
		G100PROD /* Products */ = {
			isa = PBXGroup;
			children = (
				A1000000 /* Elite360Whackfuck.app */,
			);
			name = Products;
			sourceTree = "<group>";
		};
/* End PBXGroup section */

/* Begin PBXNativeTarget section */
		A1000001 /* Elite360Whackfuck */ = {
			isa = PBXNativeTarget;
			buildConfigurationList = C1000002 /* Build configuration list for PBXNativeTarget "Elite360Whackfuck" */;
			buildPhases = (
				B1000001 /* Sources */,
				B1000002 /* Frameworks */,
				B1000003 /* Resources */,
			);
			buildRules = (
			);
			dependencies = (
			);
			name = Elite360Whackfuck;
			packageProductDependencies = (
				D10030AA /* FirebaseAuth */,
				D10031AA /* FirebaseFirestore */,
				D10032AA /* FirebaseStorage */,
				D10033AA /* FirebaseFunctions */,
				D10034AA /* FirebaseAnalytics */,
				D10035AA /* RevenueCat */,
				D10036AA /* GoogleGenerativeAI */,
			);
			productName = Elite360Whackfuck;
			productReference = A1000000 /* Elite360Whackfuck.app */;
			productType = "com.apple.product-type.application";
		};
/* End PBXNativeTarget section */

/* Begin PBXProject section */
		A1000099 /* Project object */ = {
			isa = PBXProject;
			attributes = {
				BuildIndependentTargetsInParallel = 1;
				LastSwiftUpdateCheck = 1600;
				LastUpgradeCheck = 1600;
				TargetAttributes = {
					A1000001 = {
						CreatedOnToolsVersion = 16.0;
					};
				};
			};
			buildConfigurationList = C1000001 /* Build configuration list for PBXProject "Elite360Whackfuck" */;
			compatibilityVersion = "Xcode 14.0";
			developmentRegion = en;
			hasScannedForEncodings = 0;
			knownRegions = (
				en,
				Base,
			);
			mainGroup = G1000000;
			packageReferences = (
				P10001AA /* XCRemoteSwiftPackageReference "firebase-ios-sdk" */,
				P10002AA /* XCRemoteSwiftPackageReference "purchases-ios-spm" */,
				P10003AA /* XCRemoteSwiftPackageReference "generative-ai-swift" */,
			);
			productRefGroup = G100PROD /* Products */;
			projectDirPath = "";
			projectRoot = "";
			targets = (
				A1000001 /* Elite360Whackfuck */,
			);
		};
/* End PBXProject section */

/* Begin PBXResourcesBuildPhase section */
		B1000003 /* Resources */ = {
			isa = PBXResourcesBuildPhase;
			buildActionMask = 2147483647;
			files = (
				E10025AA /* Assets.xcassets in Resources */,
				E100S2AA /* Secrets.plist in Resources */,
				F3539E882F719E780077CC5C /* GoogleService-Info.plist in Resources */,
			);
			runOnlyForDeploymentPostprocessing = 0;
		};
/* End PBXResourcesBuildPhase section */

/* Begin PBXSourcesBuildPhase section */
		B1000001 /* Sources */ = {
			isa = PBXSourcesBuildPhase;
			buildActionMask = 2147483647;
			files = (
				E10001AA /* Elite360WhackfuckApp.swift in Sources */,
				E10002AA /* MainTabView.swift in Sources */,
				E10003AA /* RootView.swift in Sources */,
				E10004AA /* AICaddyModels.swift in Sources */,
				E10005AA /* AnalyticsModels.swift in Sources */,
				E10006AA /* GameModels.swift in Sources */,
				E10007AA /* GolfCourse.swift in Sources */,
				E10008AA /* GolfRound.swift in Sources */,
				E10009AA /* HandicapModels.swift in Sources */,
				E1000AAA /* MoneyModels.swift in Sources */,
				E1000BAA /* UserProfile.swift in Sources */,
				E1000CAA /* AICaddyService.swift in Sources */,
				E100S1AA /* SecretsManager.swift in Sources */,
				E1000DAA /* AuthService.swift in Sources */,
				E1000EAA /* FirestoreService.swift in Sources */,
				E1000FAA /* GameEngine.swift in Sources */,
				E10010AA /* HandicapService.swift in Sources */,
				E10011AA /* LocationService.swift in Sources */,
				E10012AA /* PremiumManager.swift in Sources */,
				E10013AA /* AnalyticsViewModel.swift in Sources */,
				E10014AA /* AuthViewModel.swift in Sources */,
				E10015AA /* GamesLibraryViewModel.swift in Sources */,
				E10016AA /* MoneyViewModel.swift in Sources */,
				E10017AA /* RoundViewModel.swift in Sources */,
				E10018AA /* AICaddyView.swift in Sources */,
				E10019AA /* AnalyticsDashboardView.swift in Sources */,
				E1001AAA /* LoginView.swift in Sources */,
				E1001BAA /* DashboardView.swift in Sources */,
				E1001CAA /* GameTrackerView.swift in Sources */,
				E1001DAA /* GamesLibraryView.swift in Sources */,
				E1001EAA /* PostRoundView.swift in Sources */,
				E1001FAA /* PremiumView.swift in Sources */,
				E10020AA /* ProfileView.swift in Sources */,
				E10021AA /* StartRoundView.swift in Sources */,
				E10022AA /* LiveScorecardView.swift in Sources */,
				E10023AA /* Color+Extensions.swift in Sources */,
				E10024AA /* Date+Extensions.swift in Sources */,
			);
			runOnlyForDeploymentPostprocessing = 0;
		};
/* End PBXSourcesBuildPhase section */

/* Begin XCBuildConfiguration section */
		CC000001 /* Debug */ = {
			isa = XCBuildConfiguration;
			buildSettings = {
				ALWAYS_SEARCH_USER_PATHS = NO;
				ASSETCATALOG_COMPILER_GENERATE_SWIFT_ASSET_SYMBOL_EXTENSIONS = YES;
				CLANG_ANALYZER_NONNULL = YES;
				CLANG_ANALYZER_NUMBER_OBJECT_CONVERSION = YES_AGGRESSIVE;
				CLANG_CXX_LANGUAGE_STANDARD = "gnu++20";
				CLANG_ENABLE_MODULES = YES;
				CLANG_ENABLE_OBJC_ARC = YES;
				CLANG_ENABLE_OBJC_WEAK = YES;
				CLANG_WARN_BLOCK_CAPTURE_AUTORELEASING = YES;
				CLANG_WARN_BOOL_CONVERSION = YES;
				CLANG_WARN_COMMA = YES;
				CLANG_WARN_CONSTANT_CONVERSION = YES;
				CLANG_WARN_DEPRECATED_OBJC_IMPLEMENTATIONS = YES;
				CLANG_WARN_DIRECT_OBJC_ISA_USAGE = YES_ERROR;
				CLANG_WARN_DOCUMENTATION_COMMENTS = YES;
				CLANG_WARN_EMPTY_BODY = YES;
				CLANG_WARN_ENUM_CONVERSION = YES;
				CLANG_WARN_INFINITE_RECURSION = YES;
				CLANG_WARN_INT_CONVERSION = YES;
				CLANG_WARN_NON_LITERAL_NULL_CONVERSION = YES;
				CLANG_WARN_OBJC_IMPLICIT_RETAIN_SELF = YES;
				CLANG_WARN_OBJC_LITERAL_CONVERSION = YES;
				CLANG_WARN_OBJC_ROOT_CLASS = YES_ERROR;
				CLANG_WARN_QUOTED_INCLUDE_IN_FRAMEWORK_HEADER = YES;
				CLANG_WARN_RANGE_LOOP_ANALYSIS = YES;
				CLANG_WARN_STRICT_PROTOTYPES = YES;
				CLANG_WARN_SUSPICIOUS_MOVE = YES;
				CLANG_WARN_UNGUARDED_AVAILABILITY = YES_AGGRESSIVE;
				CLANG_WARN_UNREACHABLE_CODE = YES;
				CLANG_WARN__DUPLICATE_METHOD_MATCH = YES;
				COPY_PHASE_STRIP = NO;
				DEBUG_INFORMATION_FORMAT = dwarf;
				ENABLE_STRICT_OBJC_MSGSEND = YES;
				ENABLE_TESTABILITY = YES;
				ENABLE_USER_SCRIPT_SANDBOXING = YES;
				GCC_C_LANGUAGE_STANDARD = gnu17;
				GCC_DYNAMIC_NO_PIC = NO;
				GCC_NO_COMMON_BLOCKS = YES;
				GCC_OPTIMIZATION_LEVEL = 0;
				GCC_PREPROCESSOR_DEFINITIONS = (
					"DEBUG=1",
					"$(inherited)",
				);
				GCC_WARN_64_TO_32_BIT_CONVERSION = YES;
				GCC_WARN_ABOUT_RETURN_TYPE = YES_ERROR;
				GCC_WARN_UNDECLARED_SELECTOR = YES;
				GCC_WARN_UNINITIALIZED_AUTOS = YES_AGGRESSIVE;
				GCC_WARN_UNUSED_FUNCTION = YES;
				GCC_WARN_UNUSED_VARIABLE = YES;
				IPHONEOS_DEPLOYMENT_TARGET = 17.0;
				LOCALIZATION_PREFERS_STRING_CATALOGS = YES;
				MTL_ENABLE_DEBUG_INFO = INCLUDE_SOURCE;
				MTL_FAST_MATH = YES;
				ONLY_ACTIVE_ARCH = YES;
				SDKROOT = iphoneos;
				SWIFT_ACTIVE_COMPILATION_CONDITIONS = "$(inherited) DEBUG";
				SWIFT_OPTIMIZATION_LEVEL = "-Onone";
			};
			name = Debug;
		};
		CC000002 /* Release */ = {
			isa = XCBuildConfiguration;
			buildSettings = {
				ALWAYS_SEARCH_USER_PATHS = NO;
				ASSETCATALOG_COMPILER_GENERATE_SWIFT_ASSET_SYMBOL_EXTENSIONS = YES;
				CLANG_ANALYZER_NONNULL = YES;
				CLANG_ANALYZER_NUMBER_OBJECT_CONVERSION = YES_AGGRESSIVE;
				CLANG_CXX_LANGUAGE_STANDARD = "gnu++20";
				CLANG_ENABLE_MODULES = YES;
				CLANG_ENABLE_OBJC_ARC = YES;
				CLANG_ENABLE_OBJC_WEAK = YES;
				CLANG_WARN_BLOCK_CAPTURE_AUTORELEASING = YES;
				CLANG_WARN_BOOL_CONVERSION = YES;
				CLANG_WARN_COMMA = YES;
				CLANG_WARN_CONSTANT_CONVERSION = YES;
				CLANG_WARN_DEPRECATED_OBJC_IMPLEMENTATIONS = YES;
				CLANG_WARN_DIRECT_OBJC_ISA_USAGE = YES_ERROR;
				CLANG_WARN_DOCUMENTATION_COMMENTS = YES;
				CLANG_WARN_EMPTY_BODY = YES;
				CLANG_WARN_ENUM_CONVERSION = YES;
				CLANG_WARN_INFINITE_RECURSION = YES;
				CLANG_WARN_INT_CONVERSION = YES;
				CLANG_WARN_NON_LITERAL_NULL_CONVERSION = YES;
				CLANG_WARN_OBJC_IMPLICIT_RETAIN_SELF = YES;
				CLANG_WARN_OBJC_LITERAL_CONVERSION = YES;
				CLANG_WARN_OBJC_ROOT_CLASS = YES_ERROR;
				CLANG_WARN_QUOTED_INCLUDE_IN_FRAMEWORK_HEADER = YES;
				CLANG_WARN_RANGE_LOOP_ANALYSIS = YES;
				CLANG_WARN_STRICT_PROTOTYPES = YES;
				CLANG_WARN_SUSPICIOUS_MOVE = YES;
				CLANG_WARN_UNGUARDED_AVAILABILITY = YES_AGGRESSIVE;
				CLANG_WARN_UNREACHABLE_CODE = YES;
				CLANG_WARN__DUPLICATE_METHOD_MATCH = YES;
				COPY_PHASE_STRIP = NO;
				DEBUG_INFORMATION_FORMAT = "dwarf-with-dsym";
				ENABLE_NS_ASSERTIONS = NO;
				ENABLE_STRICT_OBJC_MSGSEND = YES;
				ENABLE_USER_SCRIPT_SANDBOXING = YES;
				GCC_C_LANGUAGE_STANDARD = gnu17;
				GCC_NO_COMMON_BLOCKS = YES;
				GCC_WARN_64_TO_32_BIT_CONVERSION = YES;
				GCC_WARN_ABOUT_RETURN_TYPE = YES_ERROR;
				GCC_WARN_UNDECLARED_SELECTOR = YES;
				GCC_WARN_UNINITIALIZED_AUTOS = YES_AGGRESSIVE;
				GCC_WARN_UNUSED_FUNCTION = YES;
				GCC_WARN_UNUSED_VARIABLE = YES;
				IPHONEOS_DEPLOYMENT_TARGET = 17.0;
				LOCALIZATION_PREFERS_STRING_CATALOGS = YES;
				MTL_ENABLE_DEBUG_INFO = NO;
				MTL_FAST_MATH = YES;
				SDKROOT = iphoneos;
				SWIFT_COMPILATION_MODE = wholemodule;
				VALIDATE_PRODUCT = YES;
			};
			name = Release;
		};
		CC000003 /* Debug */ = {
			isa = XCBuildConfiguration;
			buildSettings = {
				ASSETCATALOG_COMPILER_APPICON_NAME = AppIcon;
				ASSETCATALOG_COMPILER_GLOBAL_ACCENT_COLOR_NAME = AccentColor;
				CODE_SIGN_STYLE = Automatic;
				CURRENT_PROJECT_VERSION = 1;
				DEVELOPMENT_ASSET_PATHS = "";
				ENABLE_PREVIEWS = YES;
				GENERATE_INFOPLIST_FILE = YES;
				INFOPLIST_KEY_CFBundleDisplayName = Elite360;
				INFOPLIST_KEY_LSApplicationCategoryType = "public.app-category.sports";
				INFOPLIST_KEY_NSLocationWhenInUseUsageDescription = "Elite360 uses your location to calculate distances to the green and provide GPS rangefinder features.";
				INFOPLIST_KEY_UIApplicationSceneManifest_Generation = YES;
				INFOPLIST_KEY_UIApplicationSupportsIndirectInputEvents = YES;
				INFOPLIST_KEY_UILaunchScreen_Generation = YES;
				INFOPLIST_KEY_UISupportedInterfaceOrientations_iPad = "UIInterfaceOrientationPortrait UIInterfaceOrientationPortraitUpsideDown UIInterfaceOrientationLandscapeLeft UIInterfaceOrientationLandscapeRight";
				INFOPLIST_KEY_UISupportedInterfaceOrientations_iPhone = "UIInterfaceOrientationPortrait UIInterfaceOrientationLandscapeLeft UIInterfaceOrientationLandscapeRight";
				LD_RUNPATH_SEARCH_PATHS = (
					"$(inherited)",
					"@executable_path/Frameworks",
				);
				MARKETING_VERSION = 1.0;
				PRODUCT_BUNDLE_IDENTIFIER = com.elite360.whackfuck;
				PRODUCT_NAME = "$(TARGET_NAME)";
				SWIFT_EMIT_LOC_STRINGS = YES;
				SWIFT_VERSION = 5.0;
				TARGETED_DEVICE_FAMILY = "1,2";
			};
			name = Debug;
		};
		CC000004 /* Release */ = {
			isa = XCBuildConfiguration;
			buildSettings = {
				ASSETCATALOG_COMPILER_APPICON_NAME = AppIcon;
				ASSETCATALOG_COMPILER_GLOBAL_ACCENT_COLOR_NAME = AccentColor;
				CODE_SIGN_STYLE = Automatic;
				CURRENT_PROJECT_VERSION = 1;
				DEVELOPMENT_ASSET_PATHS = "";
				ENABLE_PREVIEWS = YES;
				GENERATE_INFOPLIST_FILE = YES;
				INFOPLIST_KEY_CFBundleDisplayName = Elite360;
				INFOPLIST_KEY_LSApplicationCategoryType = "public.app-category.sports";
				INFOPLIST_KEY_NSLocationWhenInUseUsageDescription = "Elite360 uses your location to calculate distances to the green and provide GPS rangefinder features.";
				INFOPLIST_KEY_UIApplicationSceneManifest_Generation = YES;
				INFOPLIST_KEY_UIApplicationSupportsIndirectInputEvents = YES;
				INFOPLIST_KEY_UILaunchScreen_Generation = YES;
				INFOPLIST_KEY_UISupportedInterfaceOrientations_iPad = "UIInterfaceOrientationPortrait UIInterfaceOrientationPortraitUpsideDown UIInterfaceOrientationLandscapeLeft UIInterfaceOrientationLandscapeRight";
				INFOPLIST_KEY_UISupportedInterfaceOrientations_iPhone = "UIInterfaceOrientationPortrait UIInterfaceOrientationLandscapeLeft UIInterfaceOrientationLandscapeRight";
				LD_RUNPATH_SEARCH_PATHS = (
					"$(inherited)",
					"@executable_path/Frameworks",
				);
				MARKETING_VERSION = 1.0;
				PRODUCT_BUNDLE_IDENTIFIER = com.elite360.whackfuck;
				PRODUCT_NAME = "$(TARGET_NAME)";
				SWIFT_EMIT_LOC_STRINGS = YES;
				SWIFT_VERSION = 5.0;
				TARGETED_DEVICE_FAMILY = "1,2";
			};
			name = Release;
		};
/* End XCBuildConfiguration section */

/* Begin XCConfigurationList section */
		C1000001 /* Build configuration list for PBXProject "Elite360Whackfuck" */ = {
			isa = XCConfigurationList;
			buildConfigurations = (
				CC000001 /* Debug */,
				CC000002 /* Release */,
			);
			defaultConfigurationIsVisible = 0;
			defaultConfigurationName = Release;
		};
		C1000002 /* Build configuration list for PBXNativeTarget "Elite360Whackfuck" */ = {
			isa = XCConfigurationList;
			buildConfigurations = (
				CC000003 /* Debug */,
				CC000004 /* Release */,
			);
			defaultConfigurationIsVisible = 0;
			defaultConfigurationName = Release;
		};
/* End XCConfigurationList section */

/* Begin XCRemoteSwiftPackageReference section */
		P10001AA /* XCRemoteSwiftPackageReference "firebase-ios-sdk" */ = {
			isa = XCRemoteSwiftPackageReference;
			repositoryURL = "https://github.com/firebase/firebase-ios-sdk";
			requirement = {
				kind = upToNextMajorVersion;
				minimumVersion = 11.0.0;
			};
		};
		P10002AA /* XCRemoteSwiftPackageReference "purchases-ios-spm" */ = {
			isa = XCRemoteSwiftPackageReference;
			repositoryURL = "https://github.com/RevenueCat/purchases-ios-spm";
			requirement = {
				kind = upToNextMajorVersion;
				minimumVersion = 5.0.0;
			};
		};
		P10003AA /* XCRemoteSwiftPackageReference "generative-ai-swift" */ = {
			isa = XCRemoteSwiftPackageReference;
			repositoryURL = "https://github.com/google/generative-ai-swift";
			requirement = {
				kind = upToNextMajorVersion;
				minimumVersion = 0.5.0;
			};
		};
/* End XCRemoteSwiftPackageReference section */

/* Begin XCSwiftPackageProductDependency section */
		D10030AA /* FirebaseAuth */ = {
			isa = XCSwiftPackageProductDependency;
			package = P10001AA /* XCRemoteSwiftPackageReference "firebase-ios-sdk" */;
			productName = FirebaseAuth;
		};
		D10031AA /* FirebaseFirestore */ = {
			isa = XCSwiftPackageProductDependency;
			package = P10001AA /* XCRemoteSwiftPackageReference "firebase-ios-sdk" */;
			productName = FirebaseFirestore;
		};
		D10032AA /* FirebaseStorage */ = {
			isa = XCSwiftPackageProductDependency;
			package = P10001AA /* XCRemoteSwiftPackageReference "firebase-ios-sdk" */;
			productName = FirebaseStorage;
		};
		D10033AA /* FirebaseFunctions */ = {
			isa = XCSwiftPackageProductDependency;
			package = P10001AA /* XCRemoteSwiftPackageReference "firebase-ios-sdk" */;
			productName = FirebaseFunctions;
		};
		D10034AA /* FirebaseAnalytics */ = {
			isa = XCSwiftPackageProductDependency;
			package = P10001AA /* XCRemoteSwiftPackageReference "firebase-ios-sdk" */;
			productName = FirebaseAnalytics;
		};
		D10035AA /* RevenueCat */ = {
			isa = XCSwiftPackageProductDependency;
			package = P10002AA /* XCRemoteSwiftPackageReference "purchases-ios-spm" */;
			productName = RevenueCat;
		};
		D10036AA /* GoogleGenerativeAI */ = {
			isa = XCSwiftPackageProductDependency;
			package = P10003AA /* XCRemoteSwiftPackageReference "generative-ai-swift" */;
			productName = GoogleGenerativeAI;
		};
/* End XCSwiftPackageProductDependency section */
	};
	rootObject = A1000099 /* Project object */;
}
